{
  "originHash" : "9a35696756389cd771db84c63dde7b1a300bb16b61fbf152dd8e717837ff32d7",
  "pins" : [
    {
      "identity" : "swipecellkit",
      "kind" : "remoteSourceControl",
      "location" : "https://github.com/SwipeCellKit/SwipeCellKit",
      "state" : {
        "revision" : "7219cad3098637176ace311510d11467dbfb9bb0",
        "version" : "2.7.1"
      }
    }
  ],
  "version" : 3
}
